// !$*UTF8*$!
{
	archiveVersion = 1;
	classes = {
	};
	objectVersion = 56;
	objects = {

/* Begin PBXBuildFile section */
		E6E3B15B2A9B0885009147D3 /* AppDelegate.swift in Sources */ = {isa = PBXBuildFile; fileRef = E6E3B15A2A9B0885009147D3 /* AppDelegate.swift */; };
		E6E3B15D2A9B0885009147D3 /* SceneDelegate.swift in Sources */ = {isa = PBXBuildFile; fileRef = E6E3B15C2A9B0885009147D3 /* SceneDelegate.swift */; };
		E6E3B15F2A9B0885009147D3 /* ViewController.swift in Sources */ = {isa = PBXBuildFile; fileRef = E6E3B15E2A9B0885009147D3 /* ViewController.swift */; };
		E6E3B1642A9B0886009147D3 /* Assets.xcassets in Resources */ = {isa = PBXBuildFile; fileRef = E6E3B1632A9B0886009147D3 /* Assets.xcassets */; };
		E6E3B1672A9B0886009147D3 /* LaunchScreen.storyboard in Resources */ = {isa = PBXBuildFile; fileRef = E6E3B1652A9B0886009147D3 /* LaunchScreen.storyboard */; };
		E6E3B1712A9B0927009147D3 /* MainTabBarController.swift in Sources */ = {isa = PBXBuildFile; fileRef = E6E3B1702A9B0927009147D3 /* MainTabBarController.swift */; };
		E6E3B17B2A9B0C67009147D3 /* SearchPresenter.swift in Sources */ = {isa = PBXBuildFile; fileRef = E6E3B1742A9B0C67009147D3 /* SearchPresenter.swift */; };
		E6E3B17C2A9B0C67009147D3 /* SearchWorker.swift in Sources */ = {isa = PBXBuildFile; fileRef = E6E3B1752A9B0C67009147D3 /* SearchWorker.swift */; };
		E6E3B17D2A9B0C67009147D3 /* SearchRouter.swift in Sources */ = {isa = PBXBuildFile; fileRef = E6E3B1762A9B0C67009147D3 /* SearchRouter.swift */; };
		E6E3B17E2A9B0C67009147D3 /* SearchModels.swift in Sources */ = {isa = PBXBuildFile; fileRef = E6E3B1772A9B0C67009147D3 /* SearchModels.swift */; };
		E6E3B17F2A9B0C67009147D3 /* SearchVC.swift in Sources */ = {isa = PBXBuildFile; fileRef = E6E3B1782A9B0C67009147D3 /* SearchVC.swift */; };
		E6E3B1802A9B0C67009147D3 /* SearchInteractor.swift in Sources */ = {isa = PBXBuildFile; fileRef = E6E3B1792A9B0C67009147D3 /* SearchInteractor.swift */; };
		E6E3B1832A9B0C9A009147D3 /* SearchVC.storyboard in Resources */ = {isa = PBXBuildFile; fileRef = E6E3B1822A9B0C9A009147D3 /* SearchVC.storyboard */; };
/* End PBXBuildFile section */

/* Begin PBXFileReference section */
		E6E3B1572A9B0885009147D3 /* iMusicClone.app */ = {isa = PBXFileReference; explicitFileType = wrapper.application; includeInIndex = 0; path = iMusicClone.app; sourceTree = BUILT_PRODUCTS_DIR; };
		E6E3B15A2A9B0885009147D3 /* AppDelegate.swift */ = {isa = PBXFileReference; lastKnownFileType = sourcecode.swift; path = AppDelegate.swift; sourceTree = "<group>"; };
		E6E3B15C2A9B0885009147D3 /* SceneDelegate.swift */ = {isa = PBXFileReference; lastKnownFileType = sourcecode.swift; path = SceneDelegate.swift; sourceTree = "<group>"; };
		E6E3B15E2A9B0885009147D3 /* ViewController.swift */ = {isa = PBXFileReference; lastKnownFileType = sourcecode.swift; path = ViewController.swift; sourceTree = "<group>"; };
		E6E3B1632A9B0886009147D3 /* Assets.xcassets */ = {isa = PBXFileReference; lastKnownFileType = folder.assetcatalog; path = Assets.xcassets; sourceTree = "<group>"; };
		E6E3B1662A9B0886009147D3 /* Base */ = {isa = PBXFileReference; lastKnownFileType = file.storyboard; name = Base; path = Base.lproj/LaunchScreen.storyboard; sourceTree = "<group>"; };
		E6E3B1682A9B0886009147D3 /* Info.plist */ = {isa = PBXFileReference; lastKnownFileType = text.plist.xml; path = Info.plist; sourceTree = "<group>"; };
		E6E3B1702A9B0927009147D3 /* MainTabBarController.swift */ = {isa = PBXFileReference; lastKnownFileType = sourcecode.swift; path = MainTabBarController.swift; sourceTree = "<group>"; };
		E6E3B1742A9B0C67009147D3 /* SearchPresenter.swift */ = {isa = PBXFileReference; lastKnownFileType = sourcecode.swift; path = SearchPresenter.swift; sourceTree = "<group>"; };
		E6E3B1752A9B0C67009147D3 /* SearchWorker.swift */ = {isa = PBXFileReference; lastKnownFileType = sourcecode.swift; path = SearchWorker.swift; sourceTree = "<group>"; };
		E6E3B1762A9B0C67009147D3 /* SearchRouter.swift */ = {isa = PBXFileReference; lastKnownFileType = sourcecode.swift; path = SearchRouter.swift; sourceTree = "<group>"; };
		E6E3B1772A9B0C67009147D3 /* SearchModels.swift */ = {isa = PBXFileReference; lastKnownFileType = sourcecode.swift; path = SearchModels.swift; sourceTree = "<group>"; };
		E6E3B1782A9B0C67009147D3 /* SearchVC.swift */ = {isa = PBXFileReference; lastKnownFileType = sourcecode.swift; path = SearchVC.swift; sourceTree = "<group>"; };
		E6E3B1792A9B0C67009147D3 /* SearchInteractor.swift */ = {isa = PBXFileReference; lastKnownFileType = sourcecode.swift; path = SearchInteractor.swift; sourceTree = "<group>"; };
		E6E3B1822A9B0C9A009147D3 /* SearchVC.storyboard */ = {isa = PBXFileReference; lastKnownFileType = file.storyboard; path = SearchVC.storyboard; sourceTree = "<group>"; };
/* End PBXFileReference section */

/* Begin PBXFrameworksBuildPhase section */
		E6E3B1542A9B0885009147D3 /* Frameworks */ = {
			isa = PBXFrameworksBuildPhase;
			buildActionMask = 2147483647;
			files = (
			);
			runOnlyForDeploymentPostprocessing = 0;
		};
/* End PBXFrameworksBuildPhase section */

/* Begin PBXGroup section */
		E6E3B14E2A9B0885009147D3 = {
			isa = PBXGroup;
			children = (
				E6E3B1592A9B0885009147D3 /* iMusicClone */,
				E6E3B1582A9B0885009147D3 /* Products */,
			);
			sourceTree = "<group>";
		};
		E6E3B1582A9B0885009147D3 /* Products */ = {
			isa = PBXGroup;
			children = (
				E6E3B1572A9B0885009147D3 /* iMusicClone.app */,
			);
			name = Products;
			sourceTree = "<group>";
		};
		E6E3B1592A9B0885009147D3 /* iMusicClone */ = {
			isa = PBXGroup;
			children = (
				E6E3B1722A9B0C3B009147D3 /* Search */,
				E6E3B16F2A9B08EF009147D3 /* TabBar */,
				E6E3B16E2A9B08E9009147D3 /* App */,
				E6E3B1732A9B0C40009147D3 /* Resources */,
				E6E3B15E2A9B0885009147D3 /* ViewController.swift */,
				E6E3B1682A9B0886009147D3 /* Info.plist */,
			);
			path = iMusicClone;
			sourceTree = "<group>";
		};
		E6E3B16E2A9B08E9009147D3 /* App */ = {
			isa = PBXGroup;
			children = (
				E6E3B15A2A9B0885009147D3 /* AppDelegate.swift */,
				E6E3B15C2A9B0885009147D3 /* SceneDelegate.swift */,
			);
			path = App;
			sourceTree = "<group>";
		};
		E6E3B16F2A9B08EF009147D3 /* TabBar */ = {
			isa = PBXGroup;
			children = (
				E6E3B1702A9B0927009147D3 /* MainTabBarController.swift */,
			);
			path = TabBar;
			sourceTree = "<group>";
		};
		E6E3B1722A9B0C3B009147D3 /* Search */ = {
			isa = PBXGroup;
			children = (
				E6E3B1822A9B0C9A009147D3 /* SearchVC.storyboard */,
				E6E3B1782A9B0C67009147D3 /* SearchVC.swift */,
				E6E3B1792A9B0C67009147D3 /* SearchInteractor.swift */,
				E6E3B1742A9B0C67009147D3 /* SearchPresenter.swift */,
				E6E3B1772A9B0C67009147D3 /* SearchModels.swift */,
				E6E3B1752A9B0C67009147D3 /* SearchWorker.swift */,
				E6E3B1762A9B0C67009147D3 /* SearchRouter.swift */,
			);
			path = Search;
			sourceTree = "<group>";
		};
		E6E3B1732A9B0C40009147D3 /* Resources */ = {
			isa = PBXGroup;
			children = (
				E6E3B1652A9B0886009147D3 /* LaunchScreen.storyboard */,
				E6E3B1632A9B0886009147D3 /* Assets.xcassets */,
			);
			path = Resources;
			sourceTree = "<group>";
		};
/* End PBXGroup section */

/* Begin PBXNativeTarget section */
		E6E3B1562A9B0885009147D3 /* iMusicClone */ = {
			isa = PBXNativeTarget;
			buildConfigurationList = E6E3B16B2A9B0886009147D3 /* Build configuration list for PBXNativeTarget "iMusicClone" */;
			buildPhases = (
				E6E3B1532A9B0885009147D3 /* Sources */,
				E6E3B1542A9B0885009147D3 /* Frameworks */,
				E6E3B1552A9B0885009147D3 /* Resources */,
			);
			buildRules = (
			);
			dependencies = (
			);
			name = iMusicClone;
			productName = iMusicClone;
			productReference = E6E3B1572A9B0885009147D3 /* iMusicClone.app */;
			productType = "com.apple.product-type.application";
		};
/* End PBXNativeTarget section */

/* Begin PBXProject section */
		E6E3B14F2A9B0885009147D3 /* Project object */ = {
			isa = PBXProject;
			attributes = {
				BuildIndependentTargetsInParallel = 1;
				LastSwiftUpdateCheck = 1430;
				LastUpgradeCheck = 1430;
				TargetAttributes = {
					E6E3B1562A9B0885009147D3 = {
						CreatedOnToolsVersion = 14.3.1;
					};
				};
			};
			buildConfigurationList = E6E3B1522A9B0885009147D3 /* Build configuration list for PBXProject "iMusicClone" */;
			compatibilityVersion = "Xcode 14.0";
			developmentRegion = en;
			hasScannedForEncodings = 0;
			knownRegions = (
				en,
				Base,
			);
			mainGroup = E6E3B14E2A9B0885009147D3;
			productRefGroup = E6E3B1582A9B0885009147D3 /* Products */;
			projectDirPath = "";
			projectRoot = "";
			targets = (
				E6E3B1562A9B0885009147D3 /* iMusicClone */,
			);
		};
/* End PBXProject section */

/* Begin PBXResourcesBuildPhase section */
		E6E3B1552A9B0885009147D3 /* Resources */ = {
			isa = PBXResourcesBuildPhase;
			buildActionMask = 2147483647;
			files = (
				E6E3B1832A9B0C9A009147D3 /* SearchVC.storyboard in Resources */,
				E6E3B1672A9B0886009147D3 /* LaunchScreen.storyboard in Resources */,
				E6E3B1642A9B0886009147D3 /* Assets.xcassets in Resources */,
			);
			runOnlyForDeploymentPostprocessing = 0;
		};
/* End PBXResourcesBuildPhase section */

/* Begin PBXSourcesBuildPhase section */
		E6E3B1532A9B0885009147D3 /* Sources */ = {
			isa = PBXSourcesBuildPhase;
			buildActionMask = 2147483647;
			files = (
				E6E3B15F2A9B0885009147D3 /* ViewController.swift in Sources */,
				E6E3B15B2A9B0885009147D3 /* AppDelegate.swift in Sources */,
				E6E3B17B2A9B0C67009147D3 /* SearchPresenter.swift in Sources */,
				E6E3B17F2A9B0C67009147D3 /* SearchVC.swift in Sources */,
				E6E3B1802A9B0C67009147D3 /* SearchInteractor.swift in Sources */,
				E6E3B17D2A9B0C67009147D3 /* SearchRouter.swift in Sources */,
				E6E3B1712A9B0927009147D3 /* MainTabBarController.swift in Sources */,
				E6E3B15D2A9B0885009147D3 /* SceneDelegate.swift in Sources */,
				E6E3B17C2A9B0C67009147D3 /* SearchWorker.swift in Sources */,
				E6E3B17E2A9B0C67009147D3 /* SearchModels.swift in Sources */,
			);
			runOnlyForDeploymentPostprocessing = 0;
		};
/* End PBXSourcesBuildPhase section */

/* Begin PBXVariantGroup section */
		E6E3B1652A9B0886009147D3 /* LaunchScreen.storyboard */ = {
			isa = PBXVariantGroup;
			children = (
				E6E3B1662A9B0886009147D3 /* Base */,
			);
			name = LaunchScreen.storyboard;
			sourceTree = "<group>";
		};
/* End PBXVariantGroup section */

/* Begin XCBuildConfiguration section */
		E6E3B1692A9B0886009147D3 /* Debug */ = {
			isa = XCBuildConfiguration;
			buildSettings = {
				ALWAYS_SEARCH_USER_PATHS = NO;
				CLANG_ANALYZER_NONNULL = YES;
				CLANG_ANALYZER_NUMBER_OBJECT_CONVERSION = YES_AGGRESSIVE;
				CLANG_CXX_LANGUAGE_STANDARD = "gnu++20";
				CLANG_ENABLE_MODULES = YES;
				CLANG_ENABLE_OBJC_ARC = YES;
				CLANG_ENABLE_OBJC_WEAK = YES;
				CLANG_WARN_BLOCK_CAPTURE_AUTORELEASING = YES;
				CLANG_WARN_BOOL_CONVERSION = YES;
				CLANG_WARN_COMMA = YES;
				CLANG_WARN_CONSTANT_CONVERSION = YES;
				CLANG_WARN_DEPRECATED_OBJC_IMPLEMENTATIONS = YES;
				CLANG_WARN_DIRECT_OBJC_ISA_USAGE = YES_ERROR;
				CLANG_WARN_DOCUMENTATION_COMMENTS = YES;
				CLANG_WARN_EMPTY_BODY = YES;
				CLANG_WARN_ENUM_CONVERSION = YES;
				CLANG_WARN_INFINITE_RECURSION = YES;
				CLANG_WARN_INT_CONVERSION = YES;
				CLANG_WARN_NON_LITERAL_NULL_CONVERSION = YES;
				CLANG_WARN_OBJC_IMPLICIT_RETAIN_SELF = YES;
				CLANG_WARN_OBJC_LITERAL_CONVERSION = YES;
				CLANG_WARN_OBJC_ROOT_CLASS = YES_ERROR;
				CLANG_WARN_QUOTED_INCLUDE_IN_FRAMEWORK_HEADER = YES;
				CLANG_WARN_RANGE_LOOP_ANALYSIS = YES;
				CLANG_WARN_STRICT_PROTOTYPES = YES;
				CLANG_WARN_SUSPICIOUS_MOVE = YES;
				CLANG_WARN_UNGUARDED_AVAILABILITY = YES_AGGRESSIVE;
				CLANG_WARN_UNREACHABLE_CODE = YES;
				CLANG_WARN__DUPLICATE_METHOD_MATCH = YES;
				COPY_PHASE_STRIP = NO;
				DEBUG_INFORMATION_FORMAT = dwarf;
				ENABLE_STRICT_OBJC_MSGSEND = YES;
				ENABLE_TESTABILITY = YES;
				GCC_C_LANGUAGE_STANDARD = gnu11;
				GCC_DYNAMIC_NO_PIC = NO;
				GCC_NO_COMMON_BLOCKS = YES;
				GCC_OPTIMIZATION_LEVEL = 0;
				GCC_PREPROCESSOR_DEFINITIONS = (
					"DEBUG=1",
					"$(inherited)",
				);
				GCC_WARN_64_TO_32_BIT_CONVERSION = YES;
				GCC_WARN_ABOUT_RETURN_TYPE = YES_ERROR;
				GCC_WARN_UNDECLARED_SELECTOR = YES;
				GCC_WARN_UNINITIALIZED_AUTOS = YES_AGGRESSIVE;
				GCC_WARN_UNUSED_FUNCTION = YES;
				GCC_WARN_UNUSED_VARIABLE = YES;
				IPHONEOS_DEPLOYMENT_TARGET = 16.4;
				MTL_ENABLE_DEBUG_INFO = INCLUDE_SOURCE;
				MTL_FAST_MATH = YES;
				ONLY_ACTIVE_ARCH = YES;
				SDKROOT = iphoneos;
				SWIFT_ACTIVE_COMPILATION_CONDITIONS = DEBUG;
				SWIFT_OPTIMIZATION_LEVEL = "-Onone";
			};
			name = Debug;
		};
		E6E3B16A2A9B0886009147D3 /* Release */ = {
			isa = XCBuildConfiguration;
			buildSettings = {
				ALWAYS_SEARCH_USER_PATHS = NO;
				CLANG_ANALYZER_NONNULL = YES;
				CLANG_ANALYZER_NUMBER_OBJECT_CONVERSION = YES_AGGRESSIVE;
				CLANG_CXX_LANGUAGE_STANDARD = "gnu++20";
				CLANG_ENABLE_MODULES = YES;
				CLANG_ENABLE_OBJC_ARC = YES;
				CLANG_ENABLE_OBJC_WEAK = YES;
				CLANG_WARN_BLOCK_CAPTURE_AUTORELEASING = YES;
				CLANG_WARN_BOOL_CONVERSION = YES;
				CLANG_WARN_COMMA = YES;
				CLANG_WARN_CONSTANT_CONVERSION = YES;
				CLANG_WARN_DEPRECATED_OBJC_IMPLEMENTATIONS = YES;
				CLANG_WARN_DIRECT_OBJC_ISA_USAGE = YES_ERROR;
				CLANG_WARN_DOCUMENTATION_COMMENTS = YES;
				CLANG_WARN_EMPTY_BODY = YES;
				CLANG_WARN_ENUM_CONVERSION = YES;
				CLANG_WARN_INFINITE_RECURSION = YES;
				CLANG_WARN_INT_CONVERSION = YES;
				CLANG_WARN_NON_LITERAL_NULL_CONVERSION = YES;
				CLANG_WARN_OBJC_IMPLICIT_RETAIN_SELF = YES;
				CLANG_WARN_OBJC_LITERAL_CONVERSION = YES;
				CLANG_WARN_OBJC_ROOT_CLASS = YES_ERROR;
				CLANG_WARN_QUOTED_INCLUDE_IN_FRAMEWORK_HEADER = YES;
				CLANG_WARN_RANGE_LOOP_ANALYSIS = YES;
				CLANG_WARN_STRICT_PROTOTYPES = YES;
				CLANG_WARN_SUSPICIOUS_MOVE = YES;
				CLANG_WARN_UNGUARDED_AVAILABILITY = YES_AGGRESSIVE;
				CLANG_WARN_UNREACHABLE_CODE = YES;
				CLANG_WARN__DUPLICATE_METHOD_MATCH = YES;
				COPY_PHASE_STRIP = NO;
				DEBUG_INFORMATION_FORMAT = "dwarf-with-dsym";
				ENABLE_NS_ASSERTIONS = NO;
				ENABLE_STRICT_OBJC_MSGSEND = YES;
				GCC_C_LANGUAGE_STANDARD = gnu11;
				GCC_NO_COMMON_BLOCKS = YES;
				GCC_WARN_64_TO_32_BIT_CONVERSION = YES;
				GCC_WARN_ABOUT_RETURN_TYPE = YES_ERROR;
				GCC_WARN_UNDECLARED_SELECTOR = YES;
				GCC_WARN_UNINITIALIZED_AUTOS = YES_AGGRESSIVE;
				GCC_WARN_UNUSED_FUNCTION = YES;
				GCC_WARN_UNUSED_VARIABLE = YES;
				IPHONEOS_DEPLOYMENT_TARGET = 16.4;
				MTL_ENABLE_DEBUG_INFO = NO;
				MTL_FAST_MATH = YES;
				SDKROOT = iphoneos;
				SWIFT_COMPILATION_MODE = wholemodule;
				SWIFT_OPTIMIZATION_LEVEL = "-O";
				VALIDATE_PRODUCT = YES;
			};
			name = Release;
		};
		E6E3B16C2A9B0886009147D3 /* Debug */ = {
			isa = XCBuildConfiguration;
			buildSettings = {
				ASSETCATALOG_COMPILER_APPICON_NAME = AppIcon;
				ASSETCATALOG_COMPILER_GLOBAL_ACCENT_COLOR_NAME = AccentColor;
				CODE_SIGN_STYLE = Automatic;
				CURRENT_PROJECT_VERSION = 1;
				DEVELOPMENT_TEAM = CTNN85R6QB;
				GENERATE_INFOPLIST_FILE = YES;
				INFOPLIST_FILE = iMusicClone/Info.plist;
				INFOPLIST_KEY_UIApplicationSupportsIndirectInputEvents = YES;
				INFOPLIST_KEY_UILaunchStoryboardName = LaunchScreen;
				INFOPLIST_KEY_UISupportedInterfaceOrientations_iPad = "UIInterfaceOrientationPortrait UIInterfaceOrientationPortraitUpsideDown UIInterfaceOrientationLandscapeLeft UIInterfaceOrientationLandscapeRight";
				INFOPLIST_KEY_UISupportedInterfaceOrientations_iPhone = "UIInterfaceOrientationPortrait UIInterfaceOrientationLandscapeLeft UIInterfaceOrientationLandscapeRight";
				IPHONEOS_DEPLOYMENT_TARGET = 14.0;
				LD_RUNPATH_SEARCH_PATHS = (
					"$(inherited)",
					"@executable_path/Frameworks",
				);
				MARKETING_VERSION = 1.0;
				PRODUCT_BUNDLE_IDENTIFIER = uz.buzurgmexr.iMusicClone;
				PRODUCT_NAME = "$(TARGET_NAME)";
				SWIFT_EMIT_LOC_STRINGS = YES;
				SWIFT_VERSION = 5.0;
				TARGETED_DEVICE_FAMILY = "1,2";
			};
			name = Debug;
		};
		E6E3B16D2A9B0886009147D3 /* Release */ = {
			isa = XCBuildConfiguration;
			buildSettings = {
				ASSETCATALOG_COMPILER_APPICON_NAME = AppIcon;
				ASSETCATALOG_COMPILER_GLOBAL_ACCENT_COLOR_NAME = AccentColor;
				CODE_SIGN_STYLE = Automatic;
				CURRENT_PROJECT_VERSION = 1;
				DEVELOPMENT_TEAM = CTNN85R6QB;
				GENERATE_INFOPLIST_FILE = YES;
				INFOPLIST_FILE = iMusicClone/Info.plist;
				INFOPLIST_KEY_UIApplicationSupportsIndirectInputEvents = YES;
				INFOPLIST_KEY_UILaunchStoryboardName = LaunchScreen;
				INFOPLIST_KEY_UISupportedInterfaceOrientations_iPad = "UIInterfaceOrientationPortrait UIInterfaceOrientationPortraitUpsideDown UIInterfaceOrientationLandscapeLeft UIInterfaceOrientationLandscapeRight";
				INFOPLIST_KEY_UISupportedInterfaceOrientations_iPhone = "UIInterfaceOrientationPortrait UIInterfaceOrientationLandscapeLeft UIInterfaceOrientationLandscapeRight";
				IPHONEOS_DEPLOYMENT_TARGET = 14.0;
				LD_RUNPATH_SEARCH_PATHS = (
					"$(inherited)",
					"@executable_path/Frameworks",
				);
				MARKETING_VERSION = 1.0;
				PRODUCT_BUNDLE_IDENTIFIER = uz.buzurgmexr.iMusicClone;
				PRODUCT_NAME = "$(TARGET_NAME)";
				SWIFT_EMIT_LOC_STRINGS = YES;
				SWIFT_VERSION = 5.0;
				TARGETED_DEVICE_FAMILY = "1,2";
			};
			name = Release;
		};
/* End XCBuildConfiguration section */

/* Begin XCConfigurationList section */
		E6E3B1522A9B0885009147D3 /* Build configuration list for PBXProject "iMusicClone" */ = {
			isa = XCConfigurationList;
			buildConfigurations = (
				E6E3B1692A9B0886009147D3 /* Debug */,
				E6E3B16A2A9B0886009147D3 /* Release */,
			);
			defaultConfigurationIsVisible = 0;
			defaultConfigurationName = Release;
		};
		E6E3B16B2A9B0886009147D3 /* Build configuration list for PBXNativeTarget "iMusicClone" */ = {
			isa = XCConfigurationList;
			buildConfigurations = (
				E6E3B16C2A9B0886009147D3 /* Debug */,
				E6E3B16D2A9B0886009147D3 /* Release */,
			);
			defaultConfigurationIsVisible = 0;
			defaultConfigurationName = Release;
		};
/* End XCConfigurationList section */
	};
	rootObject = E6E3B14F2A9B0885009147D3 /* Project object */;
}
